// !$*UTF8*$!
{
	archiveVersion = 1;
	classes = {
	};
	objectVersion = 50;
	objects = {

/* Begin PBXBuildFile section */
		9B679D8E21490F8A003272AA /* AppDelegate.m in Sources */ = {isa = PBXBuildFile; fileRef = 9B679D8D21490F8A003272AA /* AppDelegate.m */; };
		9B679D9121490F8A003272AA /* ViewController.m in Sources */ = {isa = PBXBuildFile; fileRef = 9B679D9021490F8A003272AA /* ViewController.m */; };
		9B679D9421490F8A003272AA /* Main.storyboard in Resources */ = {isa = PBXBuildFile; fileRef = 9B679D9221490F8A003272AA /* Main.storyboard */; };
		9B679D9621490F8D003272AA /* Assets.xcassets in Resources */ = {isa = PBXBuildFile; fileRef = 9B679D9521490F8D003272AA /* Assets.xcassets */; };
		9B679D9921490F8D003272AA /* LaunchScreen.storyboard in Resources */ = {isa = PBXBuildFile; fileRef = 9B679D9721490F8D003272AA /* LaunchScreen.storyboard */; };
		9B679D9C21490F8D003272AA /* main.m in Sources */ = {isa = PBXBuildFile; fileRef = 9B679D9B21490F8D003272AA /* main.m */; };
		9B679DA621490F8D003272AA /* XZRunLoopTests.m in Sources */ = {isa = PBXBuildFile; fileRef = 9B679DA521490F8D003272AA /* XZRunLoopTests.m */; };
		9B679DB121490F8D003272AA /* XZRunLoopUITests.m in Sources */ = {isa = PBXBuildFile; fileRef = 9B679DB021490F8D003272AA /* XZRunLoopUITests.m */; };
/* End PBXBuildFile section */

/* Begin PBXContainerItemProxy section */
		9B679DA221490F8D003272AA /* PBXContainerItemProxy */ = {
			isa = PBXContainerItemProxy;
			containerPortal = 9B679D8121490F8A003272AA /* Project object */;
			proxyType = 1;
			remoteGlobalIDString = 9B679D8821490F8A003272AA;
			remoteInfo = XZRunLoop;
		};
		9B679DAD21490F8D003272AA /* PBXContainerItemProxy */ = {
			isa = PBXContainerItemProxy;
			containerPortal = 9B679D8121490F8A003272AA /* Project object */;
			proxyType = 1;
			remoteGlobalIDString = 9B679D8821490F8A003272AA;
			remoteInfo = XZRunLoop;
		};
/* End PBXContainerItemProxy section */

/* Begin PBXFileReference section */
		9B679D8921490F8A003272AA /* XZRunLoop.app */ = {isa = PBXFileReference; explicitFileType = wrapper.application; includeInIndex = 0; path = XZRunLoop.app; sourceTree = BUILT_PRODUCTS_DIR; };
		9B679D8C21490F8A003272AA /* AppDelegate.h */ = {isa = PBXFileReference; lastKnownFileType = sourcecode.c.h; path = AppDelegate.h; sourceTree = "<group>"; };
		9B679D8D21490F8A003272AA /* AppDelegate.m */ = {isa = PBXFileReference; lastKnownFileType = sourcecode.c.objc; path = AppDelegate.m; sourceTree = "<group>"; };
		9B679D8F21490F8A003272AA /* ViewController.h */ = {isa = PBXFileReference; lastKnownFileType = sourcecode.c.h; path = ViewController.h; sourceTree = "<group>"; };
		9B679D9021490F8A003272AA /* ViewController.m */ = {isa = PBXFileReference; lastKnownFileType = sourcecode.c.objc; path = ViewController.m; sourceTree = "<group>"; };
		9B679D9321490F8A003272AA /* Base */ = {isa = PBXFileReference; lastKnownFileType = file.storyboard; name = Base; path = Base.lproj/Main.storyboard; sourceTree = "<group>"; };
		9B679D9521490F8D003272AA /* Assets.xcassets */ = {isa = PBXFileReference; lastKnownFileType = folder.assetcatalog; path = Assets.xcassets; sourceTree = "<group>"; };
		9B679D9821490F8D003272AA /* Base */ = {isa = PBXFileReference; lastKnownFileType = file.storyboard; name = Base; path = Base.lproj/LaunchScreen.storyboard; sourceTree = "<group>"; };
		9B679D9A21490F8D003272AA /* Info.plist */ = {isa = PBXFileReference; lastKnownFileType = text.plist.xml; path = Info.plist; sourceTree = "<group>"; };
		9B679D9B21490F8D003272AA /* main.m */ = {isa = PBXFileReference; lastKnownFileType = sourcecode.c.objc; path = main.m; sourceTree = "<group>"; };
		9B679DA121490F8D003272AA /* XZRunLoopTests.xctest */ = {isa = PBXFileReference; explicitFileType = wrapper.cfbundle; includeInIndex = 0; path = XZRunLoopTests.xctest; sourceTree = BUILT_PRODUCTS_DIR; };
		9B679DA521490F8D003272AA /* XZRunLoopTests.m */ = {isa = PBXFileReference; lastKnownFileType = sourcecode.c.objc; path = XZRunLoopTests.m; sourceTree = "<group>"; };
		9B679DA721490F8D003272AA /* Info.plist */ = {isa = PBXFileReference; lastKnownFileType = text.plist.xml; path = Info.plist; sourceTree = "<group>"; };
		9B679DAC21490F8D003272AA /* XZRunLoopUITests.xctest */ = {isa = PBXFileReference; explicitFileType = wrapper.cfbundle; includeInIndex = 0; path = XZRunLoopUITests.xctest; sourceTree = BUILT_PRODUCTS_DIR; };
		9B679DB021490F8D003272AA /* XZRunLoopUITests.m */ = {isa = PBXFileReference; lastKnownFileType = sourcecode.c.objc; path = XZRunLoopUITests.m; sourceTree = "<group>"; };
		9B679DB221490F8D003272AA /* Info.plist */ = {isa = PBXFileReference; lastKnownFileType = text.plist.xml; path = Info.plist; sourceTree = "<group>"; };
/* End PBXFileReference section */

/* Begin PBXFrameworksBuildPhase section */
		9B679D8621490F8A003272AA /* Frameworks */ = {
			isa = PBXFrameworksBuildPhase;
			buildActionMask = 2147483647;
			files = (
			);
			runOnlyForDeploymentPostprocessing = 0;
		};
		9B679D9E21490F8D003272AA /* Frameworks */ = {
			isa = PBXFrameworksBuildPhase;
			buildActionMask = 2147483647;
			files = (
			);
			runOnlyForDeploymentPostprocessing = 0;
		};
		9B679DA921490F8D003272AA /* Frameworks */ = {
			isa = PBXFrameworksBuildPhase;
			buildActionMask = 2147483647;
			files = (
			);
			runOnlyForDeploymentPostprocessing = 0;
		};
/* End PBXFrameworksBuildPhase section */

/* Begin PBXGroup section */
		9B679D8021490F8A003272AA = {
			isa = PBXGroup;
			children = (
				9B679D8B21490F8A003272AA /* XZRunLoop */,
				9B679DA421490F8D003272AA /* XZRunLoopTests */,
				9B679DAF21490F8D003272AA /* XZRunLoopUITests */,
				9B679D8A21490F8A003272AA /* Products */,
			);
			sourceTree = "<group>";
		};
		9B679D8A21490F8A003272AA /* Products */ = {
			isa = PBXGroup;
			children = (
				9B679D8921490F8A003272AA /* XZRunLoop.app */,
				9B679DA121490F8D003272AA /* XZRunLoopTests.xctest */,
				9B679DAC21490F8D003272AA /* XZRunLoopUITests.xctest */,
			);
			name = Products;
			sourceTree = "<group>";
		};
		9B679D8B21490F8A003272AA /* XZRunLoop */ = {
			isa = PBXGroup;
			children = (
				9B679D8C21490F8A003272AA /* AppDelegate.h */,
				9B679D8D21490F8A003272AA /* AppDelegate.m */,
				9B679D8F21490F8A003272AA /* ViewController.h */,
				9B679D9021490F8A003272AA /* ViewController.m */,
				9B679D9221490F8A003272AA /* Main.storyboard */,
				9B679D9521490F8D003272AA /* Assets.xcassets */,
				9B679D9721490F8D003272AA /* LaunchScreen.storyboard */,
				9B679D9A21490F8D003272AA /* Info.plist */,
				9B679D9B21490F8D003272AA /* main.m */,
			);
			path = XZRunLoop;
			sourceTree = "<group>";
		};
		9B679DA421490F8D003272AA /* XZRunLoopTests */ = {
			isa = PBXGroup;
			children = (
				9B679DA521490F8D003272AA /* XZRunLoopTests.m */,
				9B679DA721490F8D003272AA /* Info.plist */,
			);
			path = XZRunLoopTests;
			sourceTree = "<group>";
		};
		9B679DAF21490F8D003272AA /* XZRunLoopUITests */ = {
			isa = PBXGroup;
			children = (
				9B679DB021490F8D003272AA /* XZRunLoopUITests.m */,
				9B679DB221490F8D003272AA /* Info.plist */,
			);
			path = XZRunLoopUITests;
			sourceTree = "<group>";
		};
/* End PBXGroup section */

/* Begin PBXNativeTarget section */
		9B679D8821490F8A003272AA /* XZRunLoop */ = {
			isa = PBXNativeTarget;
			buildConfigurationList = 9B679DB521490F8D003272AA /* Build configuration list for PBXNativeTarget "XZRunLoop" */;
			buildPhases = (
				9B679D8521490F8A003272AA /* Sources */,
				9B679D8621490F8A003272AA /* Frameworks */,
				9B679D8721490F8A003272AA /* Resources */,
			);
			buildRules = (
			);
			dependencies = (
			);
			name = XZRunLoop;
			productName = XZRunLoop;
			productReference = 9B679D8921490F8A003272AA /* XZRunLoop.app */;
			productType = "com.apple.product-type.application";
		};
		9B679DA021490F8D003272AA /* XZRunLoopTests */ = {
			isa = PBXNativeTarget;
			buildConfigurationList = 9B679DB821490F8D003272AA /* Build configuration list for PBXNativeTarget "XZRunLoopTests" */;
			buildPhases = (
				9B679D9D21490F8D003272AA /* Sources */,
				9B679D9E21490F8D003272AA /* Frameworks */,
				9B679D9F21490F8D003272AA /* Resources */,
			);
			buildRules = (
			);
			dependencies = (
				9B679DA321490F8D003272AA /* PBXTargetDependency */,
			);
			name = XZRunLoopTests;
			productName = XZRunLoopTests;
			productReference = 9B679DA121490F8D003272AA /* XZRunLoopTests.xctest */;
			productType = "com.apple.product-type.bundle.unit-test";
		};
		9B679DAB21490F8D003272AA /* XZRunLoopUITests */ = {
			isa = PBXNativeTarget;
			buildConfigurationList = 9B679DBB21490F8D003272AA /* Build configuration list for PBXNativeTarget "XZRunLoopUITests" */;
			buildPhases = (
				9B679DA821490F8D003272AA /* Sources */,
				9B679DA921490F8D003272AA /* Frameworks */,
				9B679DAA21490F8D003272AA /* Resources */,
			);
			buildRules = (
			);
			dependencies = (
				9B679DAE21490F8D003272AA /* PBXTargetDependency */,
			);
			name = XZRunLoopUITests;
			productName = XZRunLoopUITests;
			productReference = 9B679DAC21490F8D003272AA /* XZRunLoopUITests.xctest */;
			productType = "com.apple.product-type.bundle.ui-testing";
		};
/* End PBXNativeTarget section */

/* Begin PBXProject section */
		9B679D8121490F8A003272AA /* Project object */ = {
			isa = PBXProject;
			attributes = {
				LastUpgradeCheck = 0940;
				ORGANIZATIONNAME = kkxz;
				TargetAttributes = {
					9B679D8821490F8A003272AA = {
						CreatedOnToolsVersion = 9.4.1;
					};
					9B679DA021490F8D003272AA = {
						CreatedOnToolsVersion = 9.4.1;
						TestTargetID = 9B679D8821490F8A003272AA;
					};
					9B679DAB21490F8D003272AA = {
						CreatedOnToolsVersion = 9.4.1;
						TestTargetID = 9B679D8821490F8A003272AA;
					};
				};
			};
			buildConfigurationList = 9B679D8421490F8A003272AA /* Build configuration list for PBXProject "XZRunLoop" */;
			compatibilityVersion = "Xcode 9.3";
			developmentRegion = en;
			hasScannedForEncodings = 0;
			knownRegions = (
				en,
				Base,
			);
			mainGroup = 9B679D8021490F8A003272AA;
			productRefGroup = 9B679D8A21490F8A003272AA /* Products */;
			projectDirPath = "";
			projectRoot = "";
			targets = (
				9B679D8821490F8A003272AA /* XZRunLoop */,
				9B679DA021490F8D003272AA /* XZRunLoopTests */,
				9B679DAB21490F8D003272AA /* XZRunLoopUITests */,
			);
		};
/* End PBXProject section */

/* Begin PBXResourcesBuildPhase section */
		9B679D8721490F8A003272AA /* Resources */ = {
			isa = PBXResourcesBuildPhase;
			buildActionMask = 2147483647;
			files = (
				9B679D9921490F8D003272AA /* LaunchScreen.storyboard in Resources */,
				9B679D9621490F8D003272AA /* Assets.xcassets in Resources */,
				9B679D9421490F8A003272AA /* Main.storyboard in Resources */,
			);
			runOnlyForDeploymentPostprocessing = 0;
		};
		9B679D9F21490F8D003272AA /* Resources */ = {
			isa = PBXResourcesBuildPhase;
			buildActionMask = 2147483647;
			files = (
			);
			runOnlyForDeploymentPostprocessing = 0;
		};
		9B679DAA21490F8D003272AA /* Resources */ = {
			isa = PBXResourcesBuildPhase;
			buildActionMask = 2147483647;
			files = (
			);
			runOnlyForDeploymentPostprocessing = 0;
		};
/* End PBXResourcesBuildPhase section */

/* Begin PBXSourcesBuildPhase section */
		9B679D8521490F8A003272AA /* Sources */ = {
			isa = PBXSourcesBuildPhase;
			buildActionMask = 2147483647;
			files = (
				9B679D9121490F8A003272AA /* ViewController.m in Sources */,
				9B679D9C21490F8D003272AA /* main.m in Sources */,
				9B679D8E21490F8A003272AA /* AppDelegate.m in Sources */,
			);
			runOnlyForDeploymentPostprocessing = 0;
		};
		9B679D9D21490F8D003272AA /* Sources */ = {
			isa = PBXSourcesBuildPhase;
			buildActionMask = 2147483647;
			files = (
				9B679DA621490F8D003272AA /* XZRunLoopTests.m in Sources */,
			);
			runOnlyForDeploymentPostprocessing = 0;
		};
		9B679DA821490F8D003272AA /* Sources */ = {
			isa = PBXSourcesBuildPhase;
			buildActionMask = 2147483647;
			files = (
				9B679DB121490F8D003272AA /* XZRunLoopUITests.m in Sources */,
			);
			runOnlyForDeploymentPostprocessing = 0;
		};
/* End PBXSourcesBuildPhase section */

/* Begin PBXTargetDependency section */
		9B679DA321490F8D003272AA /* PBXTargetDependency */ = {
			isa = PBXTargetDependency;
			target = 9B679D8821490F8A003272AA /* XZRunLoop */;
			targetProxy = 9B679DA221490F8D003272AA /* PBXContainerItemProxy */;
		};
		9B679DAE21490F8D003272AA /* PBXTargetDependency */ = {
			isa = PBXTargetDependency;
			target = 9B679D8821490F8A003272AA /* XZRunLoop */;
			targetProxy = 9B679DAD21490F8D003272AA /* PBXContainerItemProxy */;
		};
/* End PBXTargetDependency section */

/* Begin PBXVariantGroup section */
		9B679D9221490F8A003272AA /* Main.storyboard */ = {
			isa = PBXVariantGroup;
			children = (
				9B679D9321490F8A003272AA /* Base */,
			);
			name = Main.storyboard;
			sourceTree = "<group>";
		};
		9B679D9721490F8D003272AA /* LaunchScreen.storyboard */ = {
			isa = PBXVariantGroup;
			children = (
				9B679D9821490F8D003272AA /* Base */,
			);
			name = LaunchScreen.storyboard;
			sourceTree = "<group>";
		};
/* End PBXVariantGroup section */

/* Begin XCBuildConfiguration section */
		9B679DB321490F8D003272AA /* Debug */ = {
			isa = XCBuildConfiguration;
			buildSettings = {
				ALWAYS_SEARCH_USER_PATHS = NO;
				CLANG_ANALYZER_NONNULL = YES;
				CLANG_ANALYZER_NUMBER_OBJECT_CONVERSION = YES_AGGRESSIVE;
				CLANG_CXX_LANGUAGE_STANDARD = "gnu++14";
				CLANG_CXX_LIBRARY = "libc++";
				CLANG_ENABLE_MODULES = YES;
				CLANG_ENABLE_OBJC_ARC = YES;
				CLANG_ENABLE_OBJC_WEAK = YES;
				CLANG_WARN_BLOCK_CAPTURE_AUTORELEASING = YES;
				CLANG_WARN_BOOL_CONVERSION = YES;
				CLANG_WARN_COMMA = YES;
				CLANG_WARN_CONSTANT_CONVERSION = YES;
				CLANG_WARN_DEPRECATED_OBJC_IMPLEMENTATIONS = YES;
				CLANG_WARN_DIRECT_OBJC_ISA_USAGE = YES_ERROR;
				CLANG_WARN_DOCUMENTATION_COMMENTS = YES;
				CLANG_WARN_EMPTY_BODY = YES;
				CLANG_WARN_ENUM_CONVERSION = YES;
				CLANG_WARN_INFINITE_RECURSION = YES;
				CLANG_WARN_INT_CONVERSION = YES;
				CLANG_WARN_NON_LITERAL_NULL_CONVERSION = YES;
				CLANG_WARN_OBJC_IMPLICIT_RETAIN_SELF = YES;
				CLANG_WARN_OBJC_LITERAL_CONVERSION = YES;
				CLANG_WARN_OBJC_ROOT_CLASS = YES_ERROR;
				CLANG_WARN_RANGE_LOOP_ANALYSIS = YES;
				CLANG_WARN_STRICT_PROTOTYPES = YES;
				CLANG_WARN_SUSPICIOUS_MOVE = YES;
				CLANG_WARN_UNGUARDED_AVAILABILITY = YES_AGGRESSIVE;
				CLANG_WARN_UNREACHABLE_CODE = YES;
				CLANG_WARN__DUPLICATE_METHOD_MATCH = YES;
				CODE_SIGN_IDENTITY = "iPhone Developer";
				COPY_PHASE_STRIP = NO;
				DEBUG_INFORMATION_FORMAT = dwarf;
				ENABLE_STRICT_OBJC_MSGSEND = YES;
				ENABLE_TESTABILITY = YES;
				GCC_C_LANGUAGE_STANDARD = gnu11;
				GCC_DYNAMIC_NO_PIC = NO;
				GCC_NO_COMMON_BLOCKS = YES;
				GCC_OPTIMIZATION_LEVEL = 0;
				GCC_PREPROCESSOR_DEFINITIONS = (
					"DEBUG=1",
					"$(inherited)",
				);
				GCC_WARN_64_TO_32_BIT_CONVERSION = YES;
				GCC_WARN_ABOUT_RETURN_TYPE = YES_ERROR;
				GCC_WARN_UNDECLARED_SELECTOR = YES;
				GCC_WARN_UNINITIALIZED_AUTOS = YES_AGGRESSIVE;
				GCC_WARN_UNUSED_FUNCTION = YES;
				GCC_WARN_UNUSED_VARIABLE = YES;
				IPHONEOS_DEPLOYMENT_TARGET = 11.4;
				MTL_ENABLE_DEBUG_INFO = YES;
				ONLY_ACTIVE_ARCH = YES;
				SDKROOT = iphoneos;
			};
			name = Debug;
		};
		9B679DB421490F8D003272AA /* Release */ = {
			isa = XCBuildConfiguration;
			buildSettings = {
				ALWAYS_SEARCH_USER_PATHS = NO;
				CLANG_ANALYZER_NONNULL = YES;
				CLANG_ANALYZER_NUMBER_OBJECT_CONVERSION = YES_AGGRESSIVE;
				CLANG_CXX_LANGUAGE_STANDARD = "gnu++14";
				CLANG_CXX_LIBRARY = "libc++";
				CLANG_ENABLE_MODULES = YES;
				CLANG_ENABLE_OBJC_ARC = YES;
				CLANG_ENABLE_OBJC_WEAK = YES;
				CLANG_WARN_BLOCK_CAPTURE_AUTORELEASING = YES;
				CLANG_WARN_BOOL_CONVERSION = YES;
				CLANG_WARN_COMMA = YES;
				CLANG_WARN_CONSTANT_CONVERSION = YES;
				CLANG_WARN_DEPRECATED_OBJC_IMPLEMENTATIONS = YES;
				CLANG_WARN_DIRECT_OBJC_ISA_USAGE = YES_ERROR;
				CLANG_WARN_DOCUMENTATION_COMMENTS = YES;
				CLANG_WARN_EMPTY_BODY = YES;
				CLANG_WARN_ENUM_CONVERSION = YES;
				CLANG_WARN_INFINITE_RECURSION = YES;
				CLANG_WARN_INT_CONVERSION = YES;
				CLANG_WARN_NON_LITERAL_NULL_CONVERSION = YES;
				CLANG_WARN_OBJC_IMPLICIT_RETAIN_SELF = YES;
				CLANG_WARN_OBJC_LITERAL_CONVERSION = YES;
				CLANG_WARN_OBJC_ROOT_CLASS = YES_ERROR;
				CLANG_WARN_RANGE_LOOP_ANALYSIS = YES;
				CLANG_WARN_STRICT_PROTOTYPES = YES;
				CLANG_WARN_SUSPICIOUS_MOVE = YES;
				CLANG_WARN_UNGUARDED_AVAILABILITY = YES_AGGRESSIVE;
				CLANG_WARN_UNREACHABLE_CODE = YES;
				CLANG_WARN__DUPLICATE_METHOD_MATCH = YES;
				CODE_SIGN_IDENTITY = "iPhone Developer";
				COPY_PHASE_STRIP = NO;
				DEBUG_INFORMATION_FORMAT = "dwarf-with-dsym";
				ENABLE_NS_ASSERTIONS = NO;
				ENABLE_STRICT_OBJC_MSGSEND = YES;
				GCC_C_LANGUAGE_STANDARD = gnu11;
				GCC_NO_COMMON_BLOCKS = YES;
				GCC_WARN_64_TO_32_BIT_CONVERSION = YES;
				GCC_WARN_ABOUT_RETURN_TYPE = YES_ERROR;
				GCC_WARN_UNDECLARED_SELECTOR = YES;
				GCC_WARN_UNINITIALIZED_AUTOS = YES_AGGRESSIVE;
				GCC_WARN_UNUSED_FUNCTION = YES;
				GCC_WARN_UNUSED_VARIABLE = YES;
				IPHONEOS_DEPLOYMENT_TARGET = 11.4;
				MTL_ENABLE_DEBUG_INFO = NO;
				SDKROOT = iphoneos;
				VALIDATE_PRODUCT = YES;
			};
			name = Release;
		};
		9B679DB621490F8D003272AA /* Debug */ = {
			isa = XCBuildConfiguration;
			buildSettings = {
				ASSETCATALOG_COMPILER_APPICON_NAME = AppIcon;
				CODE_SIGN_STYLE = Automatic;
				DEVELOPMENT_TEAM = D225N2EYEE;
				INFOPLIST_FILE = XZRunLoop/Info.plist;
				LD_RUNPATH_SEARCH_PATHS = (
					"$(inherited)",
					"@executable_path/Frameworks",
				);
				PRODUCT_BUNDLE_IDENTIFIER = luckincoffee.XZRunLoop;
				PRODUCT_NAME = "$(TARGET_NAME)";
				TARGETED_DEVICE_FAMILY = "1,2";
			};
			name = Debug;
		};
		9B679DB721490F8D003272AA /* Release */ = {
			isa = XCBuildConfiguration;
			buildSettings = {
				ASSETCATALOG_COMPILER_APPICON_NAME = AppIcon;
				CODE_SIGN_STYLE = Automatic;
				DEVELOPMENT_TEAM = D225N2EYEE;
				INFOPLIST_FILE = XZRunLoop/Info.plist;
				LD_RUNPATH_SEARCH_PATHS = (
					"$(inherited)",
					"@executable_path/Frameworks",
				);
				PRODUCT_BUNDLE_IDENTIFIER = luckincoffee.XZRunLoop;
				PRODUCT_NAME = "$(TARGET_NAME)";
				TARGETED_DEVICE_FAMILY = "1,2";
			};
			name = Release;
		};
		9B679DB921490F8D003272AA /* Debug */ = {
			isa = XCBuildConfiguration;
			buildSettings = {
				BUNDLE_LOADER = "$(TEST_HOST)";
				CODE_SIGN_STYLE = Automatic;
				DEVELOPMENT_TEAM = D225N2EYEE;
				INFOPLIST_FILE = XZRunLoopTests/Info.plist;
				LD_RUNPATH_SEARCH_PATHS = (
					"$(inherited)",
					"@executable_path/Frameworks",
					"@loader_path/Frameworks",
				);
				PRODUCT_BUNDLE_IDENTIFIER = luckincoffee.XZRunLoopTests;
				PRODUCT_NAME = "$(TARGET_NAME)";
				TARGETED_DEVICE_FAMILY = "1,2";
				TEST_HOST = "$(BUILT_PRODUCTS_DIR)/XZRunLoop.app/XZRunLoop";
			};
			name = Debug;
		};
		9B679DBA21490F8D003272AA /* Release */ = {
			isa = XCBuildConfiguration;
			buildSettings = {
				BUNDLE_LOADER = "$(TEST_HOST)";
				CODE_SIGN_STYLE = Automatic;
				DEVELOPMENT_TEAM = D225N2EYEE;
				INFOPLIST_FILE = XZRunLoopTests/Info.plist;
				LD_RUNPATH_SEARCH_PATHS = (
					"$(inherited)",
					"@executable_path/Frameworks",
					"@loader_path/Frameworks",
				);
				PRODUCT_BUNDLE_IDENTIFIER = luckincoffee.XZRunLoopTests;
				PRODUCT_NAME = "$(TARGET_NAME)";
				TARGETED_DEVICE_FAMILY = "1,2";
				TEST_HOST = "$(BUILT_PRODUCTS_DIR)/XZRunLoop.app/XZRunLoop";
			};
			name = Release;
		};
		9B679DBC21490F8D003272AA /* Debug */ = {
			isa = XCBuildConfiguration;
			buildSettings = {
				CODE_SIGN_STYLE = Automatic;
				DEVELOPMENT_TEAM = D225N2EYEE;
				INFOPLIST_FILE = XZRunLoopUITests/Info.plist;
				LD_RUNPATH_SEARCH_PATHS = (
					"$(inherited)",
					"@executable_path/Frameworks",
					"@loader_path/Frameworks",
				);
				PRODUCT_BUNDLE_IDENTIFIER = luckincoffee.XZRunLoopUITests;
				PRODUCT_NAME = "$(TARGET_NAME)";
				TARGETED_DEVICE_FAMILY = "1,2";
				TEST_TARGET_NAME = XZRunLoop;
			};
			name = Debug;
		};
		9B679DBD21490F8D003272AA /* Release */ = {
			isa = XCBuildConfiguration;
			buildSettings = {
				CODE_SIGN_STYLE = Automatic;
				DEVELOPMENT_TEAM = D225N2EYEE;
				INFOPLIST_FILE = XZRunLoopUITests/Info.plist;
				LD_RUNPATH_SEARCH_PATHS = (
					"$(inherited)",
					"@executable_path/Frameworks",
					"@loader_path/Frameworks",
				);
				PRODUCT_BUNDLE_IDENTIFIER = luckincoffee.XZRunLoopUITests;
				PRODUCT_NAME = "$(TARGET_NAME)";
				TARGETED_DEVICE_FAMILY = "1,2";
				TEST_TARGET_NAME = XZRunLoop;
			};
			name = Release;
		};
/* End XCBuildConfiguration section */

/* Begin XCConfigurationList section */
		9B679D8421490F8A003272AA /* Build configuration list for PBXProject "XZRunLoop" */ = {
			isa = XCConfigurationList;
			buildConfigurations = (
				9B679DB321490F8D003272AA /* Debug */,
				9B679DB421490F8D003272AA /* Release */,
			);
			defaultConfigurationIsVisible = 0;
			defaultConfigurationName = Release;
		};
		9B679DB521490F8D003272AA /* Build configuration list for PBXNativeTarget "XZRunLoop" */ = {
			isa = XCConfigurationList;
			buildConfigurations = (
				9B679DB621490F8D003272AA /* Debug */,
				9B679DB721490F8D003272AA /* Release */,
			);
			defaultConfigurationIsVisible = 0;
			defaultConfigurationName = Release;
		};
		9B679DB821490F8D003272AA /* Build configuration list for PBXNativeTarget "XZRunLoopTests" */ = {
			isa = XCConfigurationList;
			buildConfigurations = (
				9B679DB921490F8D003272AA /* Debug */,
				9B679DBA21490F8D003272AA /* Release */,
			);
			defaultConfigurationIsVisible = 0;
			defaultConfigurationName = Release;
		};
		9B679DBB21490F8D003272AA /* Build configuration list for PBXNativeTarget "XZRunLoopUITests" */ = {
			isa = XCConfigurationList;
			buildConfigurations = (
				9B679DBC21490F8D003272AA /* Debug */,
				9B679DBD21490F8D003272AA /* Release */,
			);
			defaultConfigurationIsVisible = 0;
			defaultConfigurationName = Release;
		};
/* End XCConfigurationList section */
	};
	rootObject = 9B679D8121490F8A003272AA /* Project object */;
}
